
Microsoft Visual Studio Solution File, Format Version 12.00
# Visual Studio Version 16
VisualStudioVersion = 16.0.29020.237
MinimumVisualStudioVersion = 10.0.40219.1
Project("{FAE04EC0-301F-11D3-BF4B-00C04F79EFBC}") = "LruDemo", "LruDemo.csproj", "{9216EFDB-0012-4980-9452-5B0D385B6543}"
EndProject
Global
	GlobalSection(SolutionConfigurationPlatforms) = preSolution
		Debug|Any CPU = Debug|Any CPU
		Release|Any CPU = Release|Any CPU
	EndGlobalSection
	GlobalSection(ProjectConfigurationPlatforms) = postSolution
		{9216EFDB-0012-4980-9452-5B0D385B6543}.Debug|Any CPU.ActiveCfg = Debug|Any CPU
		{9216EFDB-0012-4980-9452-5B0D385B6543}.Debug|Any CPU.Build.0 = Debug|Any CPU
		{9216EFDB-0012-4980-9452-5B0D385B6543}.Release|Any CPU.ActiveCfg = Release|Any CPU
		{9216EFDB-0012-4980-9452-5B0D385B6543}.Release|Any CPU.Build.0 = Release|Any CPU
	EndGlobalSection
	GlobalSection(SolutionProperties) = preSolution
		HideSolutionNode = FALSE
	EndGlobalSection
	GlobalSection(ExtensibilityGlobals) = postSolution
		SolutionGuid = {49BBB3B2-A05B-4FEC-94F7-8ECA396663F0}
	EndGlobalSection
EndGlobal
